{
  "requires": true,
  "lockfileVersion": 1,
  "dependencies": {
    "@fullcalendar/interaction": {
      "version": "4.2.0",
      "resolved": "https://registry.npmjs.org/@fullcalendar/interaction/-/interaction-4.2.0.tgz",
      "integrity": "sha512-wwAyocUp1HEY7c7xCymR9EGdh7AWZrwNiBQlIpP3ne0eJT0U4ZjlnoOoels3VPsTJ9a6pdO1/XoGjEvL1T5y4g=="
    }
  }
}
